
Microsoft Visual Studio Solution File, Format Version 12.00
# Visual Studio Version 16
VisualStudioVersion = 16.0.30104.148
MinimumVisualStudioVersion = 10.0.40219.1
Project("{888888A0-9F3D-457C-B088-3A5042F75D52}") = "RT_OD", "RT_OD.pyproj", "{7B2B9159-0B87-4BCC-A367-173F60AFB7C3}"
EndProject
Global
	GlobalSection(SolutionConfigurationPlatforms) = preSolution
		Debug|Any CPU = Debug|Any CPU
		Release|Any CPU = Release|Any CPU
	EndGlobalSection
	GlobalSection(ProjectConfigurationPlatforms) = postSolution
		{7B2B9159-0B87-4BCC-A367-173F60AFB7C3}.Debug|Any CPU.ActiveCfg = Debug|Any CPU
		{7B2B9159-0B87-4BCC-A367-173F60AFB7C3}.Release|Any CPU.ActiveCfg = Release|Any CPU
	EndGlobalSection
	GlobalSection(SolutionProperties) = preSolution
		HideSolutionNode = FALSE
	EndGlobalSection
	GlobalSection(ExtensibilityGlobals) = postSolution
		SolutionGuid = {90F25AE4-07BF-4F8A-BA1B-8660D5A5CB7D}
	EndGlobalSection
EndGlobal
